
Microsoft Visual Studio Solution File, Format Version 12.00
# Visual Studio 15
VisualStudioVersion = 15.0.28307.1022
MinimumVisualStudioVersion = 10.0.40219.1
Project("{FAE04EC0-301F-11D3-BF4B-00C04F79EFBC}") = "Tugas 3", "Tugas 3\Tugas 3.csproj", "{CA11948B-BD48-4356-B6B5-AD5354647785}"
EndProject
Global
	GlobalSection(SolutionConfigurationPlatforms) = preSolution
		Debug|Any CPU = Debug|Any CPU
		Release|Any CPU = Release|Any CPU
	EndGlobalSection
	GlobalSection(ProjectConfigurationPlatforms) = postSolution
		{CA11948B-BD48-4356-B6B5-AD5354647785}.Debug|Any CPU.ActiveCfg = Debug|Any CPU
		{CA11948B-BD48-4356-B6B5-AD5354647785}.Debug|Any CPU.Build.0 = Debug|Any CPU
		{CA11948B-BD48-4356-B6B5-AD5354647785}.Release|Any CPU.ActiveCfg = Release|Any CPU
		{CA11948B-BD48-4356-B6B5-AD5354647785}.Release|Any CPU.Build.0 = Release|Any CPU
	EndGlobalSection
	GlobalSection(SolutionProperties) = preSolution
		HideSolutionNode = FALSE
	EndGlobalSection
	GlobalSection(ExtensibilityGlobals) = postSolution
		SolutionGuid = {FD6570EA-02BC-49A0-A05B-C343A3277794}
	EndGlobalSection
EndGlobal
